Microsoft Visual Studio Solution File, Format Version 12.00
# Visual Studio Version 17
VisualStudioVersion = 17.5.2.0
MinimumVisualStudioVersion = 10.0.40219.1
Project("{FAE04EC0-301F-11D3-BF4B-00C04F79EFBC}") = "RL", "RL.csproj", "{DF8262E3-635C-A24E-603C-27E9CE8F90A2}"
EndProject
Global
	GlobalSection(SolutionConfigurationPlatforms) = preSolution
		Debug|Any CPU = Debug|Any CPU
		Release|Any CPU = Release|Any CPU
	EndGlobalSection
	GlobalSection(ProjectConfigurationPlatforms) = postSolution
		{DF8262E3-635C-A24E-603C-27E9CE8F90A2}.Debug|Any CPU.ActiveCfg = Debug|Any CPU
		{DF8262E3-635C-A24E-603C-27E9CE8F90A2}.Debug|Any CPU.Build.0 = Debug|Any CPU
		{DF8262E3-635C-A24E-603C-27E9CE8F90A2}.Release|Any CPU.ActiveCfg = Release|Any CPU
		{DF8262E3-635C-A24E-603C-27E9CE8F90A2}.Release|Any CPU.Build.0 = Release|Any CPU
	EndGlobalSection
	GlobalSection(SolutionProperties) = preSolution
		HideSolutionNode = FALSE
	EndGlobalSection
	GlobalSection(ExtensibilityGlobals) = postSolution
		SolutionGuid = {61B0B13F-8541-486B-AB30-65E740D67472}
	EndGlobalSection
EndGlobal
